<?xml version="1.0" encoding="utf-8"?>
<Project ToolsVersion="4.0" xmlns="http://schemas.microsoft.com/developer/msbuild/2003">
  <ItemGroup>
    <Filter Include="excluded">
      <UniqueIdentifier>{e63e546e-f18e-4b4e-bb7b-4df446230682}</UniqueIdentifier>
    </Filter>
    <Filter Include="Resources">
      <UniqueIdentifier>{782febf3-8247-45ac-85fb-e596b0855bf3}</UniqueIdentifier>
    </Filter>
  </ItemGroup>
  <ItemGroup>
    <ClCompile Include="config.cpp">
      <Filter>excluded</Filter>
    </ClCompile>
    <ClCompile Include="DIALOGS.CPP">
      <Filter>excluded</Filter>
    </ClCompile>
    <ClCompile Include="dirmon.cpp">
      <Filter>excluded</Filter>
    </ClCompile>
    <ClCompile Include="srvdbg.cpp">
      <Filter>excluded</Filter>
    </ClCompile>
    <ClCompile Include="AdminEventLoggerHook.cpp" />
    <ClCompile Include="AdminGame.cpp" />
    <ClCompile Include="AdminGames.cpp" />
    <ClCompile Include="AdminServer.cpp" />
    <ClCompile Include="AdminSession.cpp" />
    <ClCompile Include="AdminSessionClass.cpp" />
    <ClCompile Include="AdminSessionEventSink.cpp" />
    <ClCompile Include="AdminShip.cpp" />
    <ClCompile Include="AdminUser.cpp" />
    <ClCompile Include="AdminUsers.cpp" />
    <ClCompile Include="allsrvmodule.cpp" />
    <ClCompile Include="BitArray.cpp" />
    <ClCompile Include="FedSrv.CPP" />
    <ClCompile Include="fscluster.cpp" />
    <ClCompile Include="fslobby.cpp" />
    <ClCompile Include="fsmission.cpp" />
    <ClCompile Include="fsship.cpp" />
    <ClCompile Include="fsside.cpp" />
    <ClCompile Include="pch.cpp" />
    <ClCompile Include="sqlhelp.cpp" />
    <ClCompile Include="srvqguids.cpp" />
    <ClCompile Include="SWMRG.CPP" />
  </ItemGroup>
  <ItemGroup>
    <ClInclude Include="_fedsrv.h" />
    <ClInclude Include="AdminEventLoggerHook.h" />
    <ClInclude Include="AdminGame.h" />
    <ClInclude Include="AdminGames.h" />
    <ClInclude Include="AdminServer.h" />
    <ClInclude Include="AdminSession.h" />
    <ClInclude Include="AdminSessionClass.h" />
    <ClInclude Include="AdminSessionEventSink.h" />
    <ClInclude Include="AdminSessionSecure.h" />
    <ClInclude Include="AdminSessionSecureHost.h" />
    <ClInclude Include="AdminShip.h" />
    <ClInclude Include="AdminUser.h" />
    <ClInclude Include="AdminUsers.h" />
    <ClInclude Include="AdminUtil.h" />
    <ClInclude Include="allsrvmodule.h" />
    <ClInclude Include="BitArray.h" />
    <ClInclude Include="counters.h" />
    <ClInclude Include="dbgutil.h" />
    <ClInclude Include="FedSrv.H" />
    <ClInclude Include="FedSrvApp.h" />
    <ClInclude Include="fedsrvsql.h" />
    <ClInclude Include="fscluster.h" />
    <ClInclude Include="fsmission.h" />
    <ClInclude Include="fsship.h" />
    <ClInclude Include="fsside.h" />
    <ClInclude Include="pch.h" />
    <ClInclude Include="queries.h" />
    <ClInclude Include="resource.h" />
    <ClInclude Include="srvqueries.h" />
  </ItemGroup>
  <ItemGroup>
    <Image Include="fedsrv.ico">
      <Filter>Resources</Filter>
    </Image>
  </ItemGroup>
  <ItemGroup>
    <None Include="AdminGame.rgs">
      <Filter>Resources</Filter>
    </None>
    <None Include="AdminGames.rgs">
      <Filter>Resources</Filter>
    </None>
    <None Include="AdminServer.rgs">
      <Filter>Resources</Filter>
    </None>
    <None Include="AdminSession.rgs">
      <Filter>Resources</Filter>
    </None>
    <None Include="AdminShip.rgs">
      <Filter>Resources</Filter>
    </None>
    <None Include="AdminUser.rgs">
      <Filter>Resources</Filter>
    </None>
    <None Include="AdminUsers.rgs">
      <Filter>Resources</Filter>
    </None>
    <None Include="allsrv.rgs">
      <Filter>Resources</Filter>
    </None>
    <None Include="AllSrv32.rgs">
      <Filter>Resources</Filter>
    </None>
    <None Include="DPMono.rgs">
      <Filter>Resources</Filter>
    </None>
    <None Include="fedsrv.rc2">
      <Filter>Resources</Filter>
    </None>
    <None Include="makefile" />
  </ItemGroup>
  <ItemGroup>
    <ResourceCompile Include="FedSrv.RC">
      <Filter>Resources</Filter>
    </ResourceCompile>
  </ItemGroup>
  <ItemGroup>
    <Midl Include="AllSrvModuleIDL.idl" />
  </ItemGroup>
  <ItemGroup>
    <Text Include="regini.txt" />
  </ItemGroup>
  <ItemGroup>
    <CustomBuild Include="config.h">
      <Filter>excluded</Filter>
    </CustomBuild>
    <CustomBuild Include="dirmon.h">
      <Filter>excluded</Filter>
    </CustomBuild>
    <CustomBuild Include="..\srvconfig\srvconfig.ico">
      <Filter>excluded</Filter>
    </CustomBuild>
    <CustomBuild Include="srvdbg.h">
      <Filter>excluded</Filter>
    </CustomBuild>
    <CustomBuild Include="fedmsg.msg" />
    <CustomBuild Include="SWMRG.H" />
  </ItemGroup>
</Project>