<?xml version="1.0" encoding="utf-8"?>
<Project ToolsVersion="4.0" xmlns="http://schemas.microsoft.com/developer/msbuild/2003">
  <ItemGroup>
    <Filter Include="AGCEvents">
      <UniqueIdentifier>{16d292f2-ade6-48d0-b721-13819b956921}</UniqueIdentifier>
      <Extensions>xml;xsl;js;htm</Extensions>
    </Filter>
    <Filter Include="Resources">
      <UniqueIdentifier>{9d5e5992-7595-4ef8-b782-d5f29812b7f9}</UniqueIdentifier>
    </Filter>
    <Filter Include="Resources\Registration scripts">
      <UniqueIdentifier>{8c0bbddc-45b3-4b32-9e54-e9b766108a40}</UniqueIdentifier>
    </Filter>
  </ItemGroup>
  <ItemGroup>
    <None Include="..\AGC\AGCEvents.xml">
      <Filter>AGCEvents</Filter>
    </None>
    <None Include="..\AGC\AGCEventsCPP.xsl">
      <Filter>AGCEvents</Filter>
    </None>
    <None Include="..\AGC\AGCEventsMC.xsl">
      <Filter>AGCEvents</Filter>
    </None>
    <None Include="..\AGC\AGCEventsRC2.xsl">
      <Filter>AGCEvents</Filter>
    </None>
    <None Include="..\AGC\AGCEventsRCH.xsl">
      <Filter>AGCEvents</Filter>
    </None>
    <None Include="..\AGC\AdminSessionHelper.rgs" />
    <None Include="..\AGC\AGC.def" />
    <None Include="..\AGC\AGC.rc2" />
    <None Include="..\AGC\AGCAleph.rgs" />
    <None Include="..\AGC\AGCAlephs.rgs" />
    <None Include="..\AGC\AGCAsteroid.rgs" />
    <None Include="..\AGC\AGCAsteroids.rgs" />
    <None Include="..\AGC\AGCCommand.rgs" />
    <None Include="..\AGC\AGCDBParams.rgs" />
    <None Include="..\AGC\agcevent.rgs" />
    <None Include="..\AGC\AGCEventIDRange.rgs" />
    <None Include="..\AGC\AGCEventIDRanges.rgs" />
    <None Include="..\AGC\AGCEventLogger.rgs" />
    <None Include="..\AGC\AGCGame.rgs" />
    <None Include="..\AGC\AGCGameParameters.rgs" />
    <None Include="..\AGC\AGCGlobal.rgs" />
    <None Include="..\AGC\AGCHullType.rgs" />
    <None Include="..\AGC\AGCHullTypes.rgs" />
    <None Include="..\AGC\AGCModel.rgs" />
    <None Include="..\AGC\AGCModels.rgs" />
    <None Include="..\AGC\AGCOrientation.rgs" />
    <None Include="..\AGC\AGCProbe.rgs" />
    <None Include="..\AGC\AGCProbes.rgs" />
    <None Include="..\AGC\AGCSector.rgs" />
    <None Include="..\AGC\AGCSectors.rgs" />
    <None Include="..\AGC\AGCShip.rgs" />
    <None Include="..\AGC\AGCShips.rgs" />
    <None Include="..\AGC\AGCStation.rgs" />
    <None Include="..\AGC\AGCStations.rgs" />
    <None Include="..\AGC\AGCTeam.rgs" />
    <None Include="..\AGC\AGCTeams.rgs" />
    <None Include="..\AGC\AGCVector.rgs" />
    <None Include="..\AGC\AGCVersionInfo.rgs" />
    <None Include="..\AGC\EventBrowser.xsl">
      <Filter>AGCEvents</Filter>
    </None>
    <None Include="..\AGC\TCMarshalByValue.rgs" />
    <None Include="..\AGC\TCNullStream.rgs" />
    <None Include="..\AGC\TCStrings.rgs" />
    <None Include="..\AGC\TCUtility.rgs" />
    <None Include="..\AGC\XMLXForm.js">
      <Filter>AGCEvents</Filter>
    </None>
  </ItemGroup>
  <ItemGroup>
    <ResourceCompile Include="..\AGC\AGC.rc" />
  </ItemGroup>
  <ItemGroup>
    <ClCompile Include="..\AGC\AdminSessionHelper.cpp" />
    <ClCompile Include="..\AGC\AGC.cpp" />
    <ClCompile Include="..\AGC\AGCAleph.cpp" />
    <ClCompile Include="..\AGC\AGCAlephs.cpp" />
    <ClCompile Include="..\AGC\AGCAsteroid.cpp" />
    <ClCompile Include="..\AGC\AGCAsteroids.cpp" />
    <ClCompile Include="..\AGC\AGCCommand.cpp" />
    <ClCompile Include="..\AGC\AGCDBParams.cpp" />
    <ClCompile Include="..\AGC\agcevent.cpp" />
    <ClCompile Include="..\AGC\AGCEventData.cpp" />
    <ClCompile Include="..\AGC\AGCEventDef.cpp" />
    <ClCompile Include="..\AGC\AGCEventIDRange.cpp" />
    <ClCompile Include="..\AGC\AGCEventIDRanges.cpp" />
    <ClCompile Include="..\AGC\AGCEventLogger.cpp" />
    <ClCompile Include="..\AGC\AGCGame.cpp" />
    <ClCompile Include="..\AGC\AGCGameParameters.cpp" />
    <ClCompile Include="..\AGC\AGCGlobal.cpp" />
    <ClCompile Include="..\AGC\AGCHullType.cpp" />
    <ClCompile Include="..\AGC\AGCModel.cpp" />
    <ClCompile Include="..\AGC\AGCModels.cpp" />
    <ClCompile Include="..\AGC\AGCOrientation.cpp" />
    <ClCompile Include="..\AGC\AGCProbe.cpp" />
    <ClCompile Include="..\AGC\AGCProbes.cpp" />
    <ClCompile Include="..\AGC\AGCSector.cpp" />
    <ClCompile Include="..\AGC\AGCSectors.cpp" />
    <ClCompile Include="..\AGC\AGCShip.cpp" />
    <ClCompile Include="..\AGC\AGCShips.cpp" />
    <ClCompile Include="..\AGC\AGCStation.cpp" />
    <ClCompile Include="..\AGC\AGCStations.cpp" />
    <ClCompile Include="..\AGC\AGCTeam.cpp" />
    <ClCompile Include="..\AGC\AGCTeams.cpp" />
    <ClCompile Include="..\AGC\AGCVector.cpp" />
    <ClCompile Include="..\AGC\AGCVersionInfo.cpp" />
    <ClCompile Include="..\AGC\dlldatax.c" />
    <ClCompile Include="..\AGC\pch.cpp" />
    <ClCompile Include="..\AGC\TCMarshalByValue.cpp" />
    <ClCompile Include="..\AGC\TCNullStream.cpp" />
    <ClCompile Include="..\AGC\TCStrings.cpp" />
    <ClCompile Include="..\AGC\TCUtility.cpp" />
  </ItemGroup>
  <ItemGroup>
    <ClInclude Include="..\AGC\AdminSessionHelper.h" />
    <ClInclude Include="..\AGC\AGCAleph.h" />
    <ClInclude Include="..\AGC\AGCAlephs.h" />
    <ClInclude Include="..\AGC\AGCAsteroid.h" />
    <ClInclude Include="..\AGC\AGCAsteroids.h" />
    <ClInclude Include="..\AGC\AGCChat.h" />
    <ClInclude Include="..\AGC\AGCCommand.h" />
    <ClInclude Include="..\AGC\AGCCP.h" />
    <ClInclude Include="..\AGC\AGCDBParams.h" />
    <ClInclude Include="..\AGC\AGCDebugHook.h" />
    <ClInclude Include="..\AGC\agcevent.h" />
    <ClInclude Include="..\AGC\AGCEventData.h" />
    <ClInclude Include="..\AGC\AGCEventDef.h" />
    <ClInclude Include="..\AGC\AGCEventIDRange.h" />
    <ClInclude Include="..\AGC\AGCEventIDRanges.h" />
    <ClInclude Include="..\AGC\AGCEventLogger.h" />
    <ClInclude Include="..\AGC\AGCEventThread.h" />
    <ClInclude Include="..\AGC\AGCGame.h" />
    <ClInclude Include="..\AGC\AGCGameParameters.h" />
    <ClInclude Include="..\AGC\AGCGlobal.h" />
    <ClInclude Include="..\AGC\AGCHullType.h" />
    <ClInclude Include="..\AGC\AGCModel.h" />
    <ClInclude Include="..\AGC\AGCModels.h" />
    <ClInclude Include="..\AGC\AGCModule.h" />
    <ClInclude Include="..\AGC\AGCOrientation.h" />
    <ClInclude Include="..\AGC\AGCProbe.h" />
    <ClInclude Include="..\AGC\AGCProbes.h" />
    <ClInclude Include="..\AGC\AGCSector.h" />
    <ClInclude Include="..\AGC\AGCSectors.h" />
    <ClInclude Include="..\AGC\AGCShip.h" />
    <ClInclude Include="..\AGC\AGCShips.h" />
    <ClInclude Include="..\AGC\AGCSite.h" />
    <ClInclude Include="..\AGC\AGCStation.h" />
    <ClInclude Include="..\AGC\AGCStations.h" />
    <ClInclude Include="..\AGC\AGCTeam.h" />
    <ClInclude Include="..\AGC\AGCTeams.h" />
    <ClInclude Include="..\AGC\AGCVector.h" />
    <ClInclude Include="..\AGC\AGCVersionInfo.h" />
    <ClInclude Include="..\AGC\AGCWinApp.h" />
    <ClInclude Include="..\AGC\dlldatax.h" />
    <ClInclude Include="..\AGC\gameparamdata.h" />
    <ClInclude Include="..\AGC\IAGCAlephImpl.h" />
    <ClInclude Include="..\AGC\IAGCAsteroidImpl.h" />
    <ClInclude Include="..\AGC\IAGCBaseImpl.h" />
    <ClInclude Include="..\AGC\IAGCBuyableImpl.h" />
    <ClInclude Include="..\AGC\IAGCCollectionImpl.h" />
    <ClInclude Include="..\AGC\IAGCCommonImpl.h" />
    <ClInclude Include="..\AGC\IAGCDamageImpl.h" />
    <ClInclude Include="..\AGC\IAGCGameImpl.h" />
    <ClInclude Include="..\AGC\IAGCModelImpl.h" />
    <ClInclude Include="..\AGC\IAGCProbeImpl.h" />
    <ClInclude Include="..\AGC\IAGCRangeImpl.h" />
    <ClInclude Include="..\AGC\IAGCRangesImpl.h" />
    <ClInclude Include="..\AGC\IAGCScannerImpl.h" />
    <ClInclude Include="..\AGC\IAGCSectorImpl.h" />
    <ClInclude Include="..\AGC\IAGCShipImpl.h" />
    <ClInclude Include="..\AGC\IAGCStationImpl.h" />
    <ClInclude Include="..\AGC\IAGCTeamImpl.h" />
    <ClInclude Include="..\AGC\pch.h" />
    <ClInclude Include="..\AGC\resource.h" />
    <ClInclude Include="..\AGC\TCMarshalByValue.h" />
    <ClInclude Include="..\AGC\TCNullStream.h" />
    <ClInclude Include="..\AGC\TCStrings.h" />
    <ClInclude Include="..\AGC\TCUtility.h" />
  </ItemGroup>
</Project>